
Microsoft Visual Studio Solution File, Format Version 11.00
# Visual Studio 2010
Project("{FAE04EC0-301F-11D3-BF4B-00C04F79EFBC}") = "Assembly-CSharp", "Assembly-CSharp.csproj", "{451C8B73-C1BD-8114-F0C2-BC51A653AFF4}"
EndProject
Project("{FAE04EC0-301F-11D3-BF4B-00C04F79EFBC}") = "Assembly-CSharp-Editor", "Assembly-CSharp-Editor.csproj", "{019EACB1-D48A-46C2-EC48-263749F4AE95}"
EndProject
Global
	GlobalSection(SolutionConfigurationPlatforms) = preSolution
		Debug|Any CPU = Debug|Any CPU
		Release|Any CPU = Release|Any CPU
	EndGlobalSection
	GlobalSection(ProjectConfigurationPlatforms) = postSolution
		{451C8B73-C1BD-8114-F0C2-BC51A653AFF4}.Debug|Any CPU.ActiveCfg = Debug|Any CPU
		{451C8B73-C1BD-8114-F0C2-BC51A653AFF4}.Debug|Any CPU.Build.0 = Debug|Any CPU
		{451C8B73-C1BD-8114-F0C2-BC51A653AFF4}.Release|Any CPU.ActiveCfg = Release|Any CPU
		{451C8B73-C1BD-8114-F0C2-BC51A653AFF4}.Release|Any CPU.Build.0 = Release|Any CPU
		{019EACB1-D48A-46C2-EC48-263749F4AE95}.Debug|Any CPU.ActiveCfg = Debug|Any CPU
		{019EACB1-D48A-46C2-EC48-263749F4AE95}.Debug|Any CPU.Build.0 = Debug|Any CPU
		{019EACB1-D48A-46C2-EC48-263749F4AE95}.Release|Any CPU.ActiveCfg = Release|Any CPU
		{019EACB1-D48A-46C2-EC48-263749F4AE95}.Release|Any CPU.Build.0 = Release|Any CPU
	EndGlobalSection
	GlobalSection(SolutionProperties) = preSolution
		HideSolutionNode = FALSE
	EndGlobalSection
EndGlobal
